// !$*UTF8*$!
{
	archiveVersion = 1;
	classes = {
	};
	objectVersion = 46;
	objects = {

/* Begin PBXBuildFile section */
		B74CED501C6BA1150089125D /* main.m in Sources */ = {isa = PBXBuildFile; fileRef = B74CED4F1C6BA1150089125D /* main.m */; };
		B74CED531C6BA1150089125D /* AppDelegate.m in Sources */ = {isa = PBXBuildFile; fileRef = B74CED521C6BA1150089125D /* AppDelegate.m */; };
		B74CED561C6BA1150089125D /* ViewController.m in Sources */ = {isa = PBXBuildFile; fileRef = B74CED551C6BA1150089125D /* ViewController.m */; };
		B74CED591C6BA1150089125D /* Main.storyboard in Resources */ = {isa = PBXBuildFile; fileRef = B74CED571C6BA1150089125D /* Main.storyboard */; };
		B74CED5B1C6BA1150089125D /* Assets.xcassets in Resources */ = {isa = PBXBuildFile; fileRef = B74CED5A1C6BA1150089125D /* Assets.xcassets */; };
		B74CED5E1C6BA1150089125D /* LaunchScreen.storyboard in Resources */ = {isa = PBXBuildFile; fileRef = B74CED5C1C6BA1150089125D /* LaunchScreen.storyboard */; };
		B74CED671C6BA3690089125D /* BaseModel.m in Sources */ = {isa = PBXBuildFile; fileRef = B74CED661C6BA3690089125D /* BaseModel.m */; };
		B74CED6A1C6BA3820089125D /* BaseCell.m in Sources */ = {isa = PBXBuildFile; fileRef = B74CED691C6BA3820089125D /* BaseCell.m */; };
		B74CED711C6BA42B0089125D /* CellForCellModel2.m in Sources */ = {isa = PBXBuildFile; fileRef = B74CED6F1C6BA42B0089125D /* CellForCellModel2.m */; };
		B74CED721C6BA42B0089125D /* CellForCellModel2.xib in Resources */ = {isa = PBXBuildFile; fileRef = B74CED701C6BA42B0089125D /* CellForCellModel2.xib */; };
		B74CED761C6BA4690089125D /* CellForCellModel1.m in Sources */ = {isa = PBXBuildFile; fileRef = B74CED741C6BA4690089125D /* CellForCellModel1.m */; };
		B74CED771C6BA4690089125D /* CellForCellModel1.xib in Resources */ = {isa = PBXBuildFile; fileRef = B74CED751C6BA4690089125D /* CellForCellModel1.xib */; };
		B74CED7A1C6BA5730089125D /* CellModel1.m in Sources */ = {isa = PBXBuildFile; fileRef = B74CED791C6BA5730089125D /* CellModel1.m */; };
		B74CED7D1C6BA57E0089125D /* CellModel2.m in Sources */ = {isa = PBXBuildFile; fileRef = B74CED7C1C6BA57E0089125D /* CellModel2.m */; };
		B74CED801C6BA76D0089125D /* CellFectory.m in Sources */ = {isa = PBXBuildFile; fileRef = B74CED7F1C6BA76D0089125D /* CellFectory.m */; };
		B74CED831C6BA91B0089125D /* UIView+Nib.m in Sources */ = {isa = PBXBuildFile; fileRef = B74CED821C6BA91B0089125D /* UIView+Nib.m */; };
		B74CED851C6BAA350089125D /* 4.jpg in Resources */ = {isa = PBXBuildFile; fileRef = B74CED841C6BAA350089125D /* 4.jpg */; };
		B74CED871C6BAA380089125D /* 3.jpg in Resources */ = {isa = PBXBuildFile; fileRef = B74CED861C6BAA380089125D /* 3.jpg */; };
		B74CED891C6BAA3F0089125D /* 2.jpg in Resources */ = {isa = PBXBuildFile; fileRef = B74CED881C6BAA3F0089125D /* 2.jpg */; };
		B74CED8B1C6BAA490089125D /* 1.jpg in Resources */ = {isa = PBXBuildFile; fileRef = B74CED8A1C6BAA490089125D /* 1.jpg */; };
/* End PBXBuildFile section */

/* Begin PBXFileReference section */
		B74CED4B1C6BA1150089125D /* tableViewFectory.app */ = {isa = PBXFileReference; explicitFileType = wrapper.application; includeInIndex = 0; path = tableViewFectory.app; sourceTree = BUILT_PRODUCTS_DIR; };
		B74CED4F1C6BA1150089125D /* main.m */ = {isa = PBXFileReference; lastKnownFileType = sourcecode.c.objc; path = main.m; sourceTree = "<group>"; };
		B74CED511C6BA1150089125D /* AppDelegate.h */ = {isa = PBXFileReference; lastKnownFileType = sourcecode.c.h; path = AppDelegate.h; sourceTree = "<group>"; };
		B74CED521C6BA1150089125D /* AppDelegate.m */ = {isa = PBXFileReference; lastKnownFileType = sourcecode.c.objc; path = AppDelegate.m; sourceTree = "<group>"; };
		B74CED541C6BA1150089125D /* ViewController.h */ = {isa = PBXFileReference; lastKnownFileType = sourcecode.c.h; path = ViewController.h; sourceTree = "<group>"; };
		B74CED551C6BA1150089125D /* ViewController.m */ = {isa = PBXFileReference; lastKnownFileType = sourcecode.c.objc; path = ViewController.m; sourceTree = "<group>"; };
		B74CED581C6BA1150089125D /* Base */ = {isa = PBXFileReference; lastKnownFileType = file.storyboard; name = Base; path = Base.lproj/Main.storyboard; sourceTree = "<group>"; };
		B74CED5A1C6BA1150089125D /* Assets.xcassets */ = {isa = PBXFileReference; lastKnownFileType = folder.assetcatalog; path = Assets.xcassets; sourceTree = "<group>"; };
		B74CED5D1C6BA1150089125D /* Base */ = {isa = PBXFileReference; lastKnownFileType = file.storyboard; name = Base; path = Base.lproj/LaunchScreen.storyboard; sourceTree = "<group>"; };
		B74CED5F1C6BA1150089125D /* Info.plist */ = {isa = PBXFileReference; lastKnownFileType = text.plist.xml; path = Info.plist; sourceTree = "<group>"; };
		B74CED651C6BA3690089125D /* BaseModel.h */ = {isa = PBXFileReference; fileEncoding = 4; lastKnownFileType = sourcecode.c.h; path = BaseModel.h; sourceTree = "<group>"; };
		B74CED661C6BA3690089125D /* BaseModel.m */ = {isa = PBXFileReference; fileEncoding = 4; lastKnownFileType = sourcecode.c.objc; path = BaseModel.m; sourceTree = "<group>"; };
		B74CED681C6BA3820089125D /* BaseCell.h */ = {isa = PBXFileReference; fileEncoding = 4; lastKnownFileType = sourcecode.c.h; path = BaseCell.h; sourceTree = "<group>"; };
		B74CED691C6BA3820089125D /* BaseCell.m */ = {isa = PBXFileReference; fileEncoding = 4; lastKnownFileType = sourcecode.c.objc; path = BaseCell.m; sourceTree = "<group>"; };
		B74CED6E1C6BA42B0089125D /* CellForCellModel2.h */ = {isa = PBXFileReference; fileEncoding = 4; lastKnownFileType = sourcecode.c.h; path = CellForCellModel2.h; sourceTree = "<group>"; };
		B74CED6F1C6BA42B0089125D /* CellForCellModel2.m */ = {isa = PBXFileReference; fileEncoding = 4; lastKnownFileType = sourcecode.c.objc; path = CellForCellModel2.m; sourceTree = "<group>"; };
		B74CED701C6BA42B0089125D /* CellForCellModel2.xib */ = {isa = PBXFileReference; fileEncoding = 4; lastKnownFileType = file.xib; path = CellForCellModel2.xib; sourceTree = "<group>"; };
		B74CED731C6BA4690089125D /* CellForCellModel1.h */ = {isa = PBXFileReference; fileEncoding = 4; lastKnownFileType = sourcecode.c.h; path = CellForCellModel1.h; sourceTree = "<group>"; };
		B74CED741C6BA4690089125D /* CellForCellModel1.m */ = {isa = PBXFileReference; fileEncoding = 4; lastKnownFileType = sourcecode.c.objc; path = CellForCellModel1.m; sourceTree = "<group>"; };
		B74CED751C6BA4690089125D /* CellForCellModel1.xib */ = {isa = PBXFileReference; fileEncoding = 4; lastKnownFileType = file.xib; path = CellForCellModel1.xib; sourceTree = "<group>"; };
		B74CED781C6BA5730089125D /* CellModel1.h */ = {isa = PBXFileReference; fileEncoding = 4; lastKnownFileType = sourcecode.c.h; path = CellModel1.h; sourceTree = "<group>"; };
		B74CED791C6BA5730089125D /* CellModel1.m */ = {isa = PBXFileReference; fileEncoding = 4; lastKnownFileType = sourcecode.c.objc; path = CellModel1.m; sourceTree = "<group>"; };
		B74CED7B1C6BA57E0089125D /* CellModel2.h */ = {isa = PBXFileReference; fileEncoding = 4; lastKnownFileType = sourcecode.c.h; path = CellModel2.h; sourceTree = "<group>"; };
		B74CED7C1C6BA57E0089125D /* CellModel2.m */ = {isa = PBXFileReference; fileEncoding = 4; lastKnownFileType = sourcecode.c.objc; path = CellModel2.m; sourceTree = "<group>"; };
		B74CED7E1C6BA76D0089125D /* CellFectory.h */ = {isa = PBXFileReference; fileEncoding = 4; lastKnownFileType = sourcecode.c.h; path = CellFectory.h; sourceTree = "<group>"; };
		B74CED7F1C6BA76D0089125D /* CellFectory.m */ = {isa = PBXFileReference; fileEncoding = 4; lastKnownFileType = sourcecode.c.objc; path = CellFectory.m; sourceTree = "<group>"; };
		B74CED811C6BA91B0089125D /* UIView+Nib.h */ = {isa = PBXFileReference; fileEncoding = 4; lastKnownFileType = sourcecode.c.h; path = "UIView+Nib.h"; sourceTree = "<group>"; };
		B74CED821C6BA91B0089125D /* UIView+Nib.m */ = {isa = PBXFileReference; fileEncoding = 4; lastKnownFileType = sourcecode.c.objc; path = "UIView+Nib.m"; sourceTree = "<group>"; };
		B74CED841C6BAA350089125D /* 4.jpg */ = {isa = PBXFileReference; lastKnownFileType = image.jpeg; path = 4.jpg; sourceTree = "<group>"; };
		B74CED861C6BAA380089125D /* 3.jpg */ = {isa = PBXFileReference; lastKnownFileType = image.jpeg; path = 3.jpg; sourceTree = "<group>"; };
		B74CED881C6BAA3F0089125D /* 2.jpg */ = {isa = PBXFileReference; lastKnownFileType = image.jpeg; path = 2.jpg; sourceTree = "<group>"; };
		B74CED8A1C6BAA490089125D /* 1.jpg */ = {isa = PBXFileReference; lastKnownFileType = image.jpeg; path = 1.jpg; sourceTree = "<group>"; };
/* End PBXFileReference section */

/* Begin PBXFrameworksBuildPhase section */
		B74CED481C6BA1150089125D /* Frameworks */ = {
			isa = PBXFrameworksBuildPhase;
			buildActionMask = 2147483647;
			files = (
			);
			runOnlyForDeploymentPostprocessing = 0;
		};
/* End PBXFrameworksBuildPhase section */

/* Begin PBXGroup section */
		B74CED421C6BA1150089125D = {
			isa = PBXGroup;
			children = (
				B74CED4D1C6BA1150089125D /* tableViewFectory */,
				B74CED4C1C6BA1150089125D /* Products */,
			);
			sourceTree = "<group>";
		};
		B74CED4C1C6BA1150089125D /* Products */ = {
			isa = PBXGroup;
			children = (
				B74CED4B1C6BA1150089125D /* tableViewFectory.app */,
			);
			name = Products;
			sourceTree = "<group>";
		};
		B74CED4D1C6BA1150089125D /* tableViewFectory */ = {
			isa = PBXGroup;
			children = (
				B74CED8A1C6BAA490089125D /* 1.jpg */,
				B74CED881C6BAA3F0089125D /* 2.jpg */,
				B74CED861C6BAA380089125D /* 3.jpg */,
				B74CED841C6BAA350089125D /* 4.jpg */,
				B74CED811C6BA91B0089125D /* UIView+Nib.h */,
				B74CED821C6BA91B0089125D /* UIView+Nib.m */,
				B74CED511C6BA1150089125D /* AppDelegate.h */,
				B74CED521C6BA1150089125D /* AppDelegate.m */,
				B74CED541C6BA1150089125D /* ViewController.h */,
				B74CED551C6BA1150089125D /* ViewController.m */,
				B74CED571C6BA1150089125D /* Main.storyboard */,
				B74CED5A1C6BA1150089125D /* Assets.xcassets */,
				B74CED5C1C6BA1150089125D /* LaunchScreen.storyboard */,
				B74CED5F1C6BA1150089125D /* Info.plist */,
				B74CED4E1C6BA1150089125D /* Supporting Files */,
				B74CED651C6BA3690089125D /* BaseModel.h */,
				B74CED661C6BA3690089125D /* BaseModel.m */,
				B74CED681C6BA3820089125D /* BaseCell.h */,
				B74CED691C6BA3820089125D /* BaseCell.m */,
				B74CED6E1C6BA42B0089125D /* CellForCellModel2.h */,
				B74CED6F1C6BA42B0089125D /* CellForCellModel2.m */,
				B74CED701C6BA42B0089125D /* CellForCellModel2.xib */,
				B74CED731C6BA4690089125D /* CellForCellModel1.h */,
				B74CED741C6BA4690089125D /* CellForCellModel1.m */,
				B74CED751C6BA4690089125D /* CellForCellModel1.xib */,
				B74CED781C6BA5730089125D /* CellModel1.h */,
				B74CED791C6BA5730089125D /* CellModel1.m */,
				B74CED7B1C6BA57E0089125D /* CellModel2.h */,
				B74CED7C1C6BA57E0089125D /* CellModel2.m */,
				B74CED7E1C6BA76D0089125D /* CellFectory.h */,
				B74CED7F1C6BA76D0089125D /* CellFectory.m */,
			);
			path = tableViewFectory;
			sourceTree = "<group>";
		};
		B74CED4E1C6BA1150089125D /* Supporting Files */ = {
			isa = PBXGroup;
			children = (
				B74CED4F1C6BA1150089125D /* main.m */,
			);
			name = "Supporting Files";
			sourceTree = "<group>";
		};
/* End PBXGroup section */

/* Begin PBXNativeTarget section */
		B74CED4A1C6BA1150089125D /* tableViewFectory */ = {
			isa = PBXNativeTarget;
			buildConfigurationList = B74CED621C6BA1150089125D /* Build configuration list for PBXNativeTarget "tableViewFectory" */;
			buildPhases = (
				B74CED471C6BA1150089125D /* Sources */,
				B74CED481C6BA1150089125D /* Frameworks */,
				B74CED491C6BA1150089125D /* Resources */,
			);
			buildRules = (
			);
			dependencies = (
			);
			name = tableViewFectory;
			productName = tableViewFectory;
			productReference = B74CED4B1C6BA1150089125D /* tableViewFectory.app */;
			productType = "com.apple.product-type.application";
		};
/* End PBXNativeTarget section */

/* Begin PBXProject section */
		B74CED431C6BA1150089125D /* Project object */ = {
			isa = PBXProject;
			attributes = {
				LastUpgradeCheck = 0720;
				ORGANIZATIONNAME = "Sunny土";
				TargetAttributes = {
					B74CED4A1C6BA1150089125D = {
						CreatedOnToolsVersion = 7.2;
					};
				};
			};
			buildConfigurationList = B74CED461C6BA1150089125D /* Build configuration list for PBXProject "tableViewFectory" */;
			compatibilityVersion = "Xcode 3.2";
			developmentRegion = English;
			hasScannedForEncodings = 0;
			knownRegions = (
				en,
				Base,
			);
			mainGroup = B74CED421C6BA1150089125D;
			productRefGroup = B74CED4C1C6BA1150089125D /* Products */;
			projectDirPath = "";
			projectRoot = "";
			targets = (
				B74CED4A1C6BA1150089125D /* tableViewFectory */,
			);
		};
/* End PBXProject section */

/* Begin PBXResourcesBuildPhase section */
		B74CED491C6BA1150089125D /* Resources */ = {
			isa = PBXResourcesBuildPhase;
			buildActionMask = 2147483647;
			files = (
				B74CED871C6BAA380089125D /* 3.jpg in Resources */,
				B74CED8B1C6BAA490089125D /* 1.jpg in Resources */,
				B74CED721C6BA42B0089125D /* CellForCellModel2.xib in Resources */,
				B74CED5E1C6BA1150089125D /* LaunchScreen.storyboard in Resources */,
				B74CED891C6BAA3F0089125D /* 2.jpg in Resources */,
				B74CED5B1C6BA1150089125D /* Assets.xcassets in Resources */,
				B74CED851C6BAA350089125D /* 4.jpg in Resources */,
				B74CED591C6BA1150089125D /* Main.storyboard in Resources */,
				B74CED771C6BA4690089125D /* CellForCellModel1.xib in Resources */,
			);
			runOnlyForDeploymentPostprocessing = 0;
		};
/* End PBXResourcesBuildPhase section */

/* Begin PBXSourcesBuildPhase section */
		B74CED471C6BA1150089125D /* Sources */ = {
			isa = PBXSourcesBuildPhase;
			buildActionMask = 2147483647;
			files = (
				B74CED801C6BA76D0089125D /* CellFectory.m in Sources */,
				B74CED561C6BA1150089125D /* ViewController.m in Sources */,
				B74CED7A1C6BA5730089125D /* CellModel1.m in Sources */,
				B74CED831C6BA91B0089125D /* UIView+Nib.m in Sources */,
				B74CED7D1C6BA57E0089125D /* CellModel2.m in Sources */,
				B74CED531C6BA1150089125D /* AppDelegate.m in Sources */,
				B74CED6A1C6BA3820089125D /* BaseCell.m in Sources */,
				B74CED671C6BA3690089125D /* BaseModel.m in Sources */,
				B74CED711C6BA42B0089125D /* CellForCellModel2.m in Sources */,
				B74CED501C6BA1150089125D /* main.m in Sources */,
				B74CED761C6BA4690089125D /* CellForCellModel1.m in Sources */,
			);
			runOnlyForDeploymentPostprocessing = 0;
		};
/* End PBXSourcesBuildPhase section */

/* Begin PBXVariantGroup section */
		B74CED571C6BA1150089125D /* Main.storyboard */ = {
			isa = PBXVariantGroup;
			children = (
				B74CED581C6BA1150089125D /* Base */,
			);
			name = Main.storyboard;
			sourceTree = "<group>";
		};
		B74CED5C1C6BA1150089125D /* LaunchScreen.storyboard */ = {
			isa = PBXVariantGroup;
			children = (
				B74CED5D1C6BA1150089125D /* Base */,
			);
			name = LaunchScreen.storyboard;
			sourceTree = "<group>";
		};
/* End PBXVariantGroup section */

/* Begin XCBuildConfiguration section */
		B74CED601C6BA1150089125D /* Debug */ = {
			isa = XCBuildConfiguration;
			buildSettings = {
				ALWAYS_SEARCH_USER_PATHS = NO;
				CLANG_CXX_LANGUAGE_STANDARD = "gnu++0x";
				CLANG_CXX_LIBRARY = "libc++";
				CLANG_ENABLE_MODULES = YES;
				CLANG_ENABLE_OBJC_ARC = YES;
				CLANG_WARN_BOOL_CONVERSION = YES;
				CLANG_WARN_CONSTANT_CONVERSION = YES;
				CLANG_WARN_DIRECT_OBJC_ISA_USAGE = YES_ERROR;
				CLANG_WARN_EMPTY_BODY = YES;
				CLANG_WARN_ENUM_CONVERSION = YES;
				CLANG_WARN_INT_CONVERSION = YES;
				CLANG_WARN_OBJC_ROOT_CLASS = YES_ERROR;
				CLANG_WARN_UNREACHABLE_CODE = YES;
				CLANG_WARN__DUPLICATE_METHOD_MATCH = YES;
				"CODE_SIGN_IDENTITY[sdk=iphoneos*]" = "iPhone Developer";
				COPY_PHASE_STRIP = NO;
				DEBUG_INFORMATION_FORMAT = dwarf;
				ENABLE_STRICT_OBJC_MSGSEND = YES;
				ENABLE_TESTABILITY = YES;
				GCC_C_LANGUAGE_STANDARD = gnu99;
				GCC_DYNAMIC_NO_PIC = NO;
				GCC_NO_COMMON_BLOCKS = YES;
				GCC_OPTIMIZATION_LEVEL = 0;
				GCC_PREPROCESSOR_DEFINITIONS = (
					"DEBUG=1",
					"$(inherited)",
				);
				GCC_WARN_64_TO_32_BIT_CONVERSION = YES;
				GCC_WARN_ABOUT_RETURN_TYPE = YES_ERROR;
				GCC_WARN_UNDECLARED_SELECTOR = YES;
				GCC_WARN_UNINITIALIZED_AUTOS = YES_AGGRESSIVE;
				GCC_WARN_UNUSED_FUNCTION = YES;
				GCC_WARN_UNUSED_VARIABLE = YES;
				IPHONEOS_DEPLOYMENT_TARGET = 9.2;
				MTL_ENABLE_DEBUG_INFO = YES;
				ONLY_ACTIVE_ARCH = YES;
				SDKROOT = iphoneos;
			};
			name = Debug;
		};
		B74CED611C6BA1150089125D /* Release */ = {
			isa = XCBuildConfiguration;
			buildSettings = {
				ALWAYS_SEARCH_USER_PATHS = NO;
				CLANG_CXX_LANGUAGE_STANDARD = "gnu++0x";
				CLANG_CXX_LIBRARY = "libc++";
				CLANG_ENABLE_MODULES = YES;
				CLANG_ENABLE_OBJC_ARC = YES;
				CLANG_WARN_BOOL_CONVERSION = YES;
				CLANG_WARN_CONSTANT_CONVERSION = YES;
				CLANG_WARN_DIRECT_OBJC_ISA_USAGE = YES_ERROR;
				CLANG_WARN_EMPTY_BODY = YES;
				CLANG_WARN_ENUM_CONVERSION = YES;
				CLANG_WARN_INT_CONVERSION = YES;
				CLANG_WARN_OBJC_ROOT_CLASS = YES_ERROR;
				CLANG_WARN_UNREACHABLE_CODE = YES;
				CLANG_WARN__DUPLICATE_METHOD_MATCH = YES;
				"CODE_SIGN_IDENTITY[sdk=iphoneos*]" = "iPhone Developer";
				COPY_PHASE_STRIP = NO;
				DEBUG_INFORMATION_FORMAT = "dwarf-with-dsym";
				ENABLE_NS_ASSERTIONS = NO;
				ENABLE_STRICT_OBJC_MSGSEND = YES;
				GCC_C_LANGUAGE_STANDARD = gnu99;
				GCC_NO_COMMON_BLOCKS = YES;
				GCC_WARN_64_TO_32_BIT_CONVERSION = YES;
				GCC_WARN_ABOUT_RETURN_TYPE = YES_ERROR;
				GCC_WARN_UNDECLARED_SELECTOR = YES;
				GCC_WARN_UNINITIALIZED_AUTOS = YES_AGGRESSIVE;
				GCC_WARN_UNUSED_FUNCTION = YES;
				GCC_WARN_UNUSED_VARIABLE = YES;
				IPHONEOS_DEPLOYMENT_TARGET = 9.2;
				MTL_ENABLE_DEBUG_INFO = NO;
				SDKROOT = iphoneos;
				VALIDATE_PRODUCT = YES;
			};
			name = Release;
		};
		B74CED631C6BA1150089125D /* Debug */ = {
			isa = XCBuildConfiguration;
			buildSettings = {
				ASSETCATALOG_COMPILER_APPICON_NAME = AppIcon;
				INFOPLIST_FILE = tableViewFectory/Info.plist;
				LD_RUNPATH_SEARCH_PATHS = "$(inherited) @executable_path/Frameworks";
				PRODUCT_BUNDLE_IDENTIFIER = com.xujiyao.tableViewFectory;
				PRODUCT_NAME = "$(TARGET_NAME)";
			};
			name = Debug;
		};
		B74CED641C6BA1150089125D /* Release */ = {
			isa = XCBuildConfiguration;
			buildSettings = {
				ASSETCATALOG_COMPILER_APPICON_NAME = AppIcon;
				INFOPLIST_FILE = tableViewFectory/Info.plist;
				LD_RUNPATH_SEARCH_PATHS = "$(inherited) @executable_path/Frameworks";
				PRODUCT_BUNDLE_IDENTIFIER = com.xujiyao.tableViewFectory;
				PRODUCT_NAME = "$(TARGET_NAME)";
			};
			name = Release;
		};
/* End XCBuildConfiguration section */

/* Begin XCConfigurationList section */
		B74CED461C6BA1150089125D /* Build configuration list for PBXProject "tableViewFectory" */ = {
			isa = XCConfigurationList;
			buildConfigurations = (
				B74CED601C6BA1150089125D /* Debug */,
				B74CED611C6BA1150089125D /* Release */,
			);
			defaultConfigurationIsVisible = 0;
			defaultConfigurationName = Release;
		};
		B74CED621C6BA1150089125D /* Build configuration list for PBXNativeTarget "tableViewFectory" */ = {
			isa = XCConfigurationList;
			buildConfigurations = (
				B74CED631C6BA1150089125D /* Debug */,
				B74CED641C6BA1150089125D /* Release */,
			);
			defaultConfigurationIsVisible = 0;
		};
/* End XCConfigurationList section */
	};
	rootObject = B74CED431C6BA1150089125D /* Project object */;
}
